
Microsoft Visual Studio Solution File, Format Version 12.00
# Visual Studio Version 16
VisualStudioVersion = 16.0.30128.74
MinimumVisualStudioVersion = 10.0.40219.1
Project("{FAE04EC0-301F-11D3-BF4B-00C04F79EFBC}") = "CqrsPattern", "CqrsPattern\CqrsPattern.csproj", "{CBEF56D1-7111-45F1-8BFB-653936FB37BF}"
EndProject
Global
	GlobalSection(SolutionConfigurationPlatforms) = preSolution
		Debug|Any CPU = Debug|Any CPU
		Release|Any CPU = Release|Any CPU
	EndGlobalSection
	GlobalSection(ProjectConfigurationPlatforms) = postSolution
		{CBEF56D1-7111-45F1-8BFB-653936FB37BF}.Debug|Any CPU.ActiveCfg = Debug|Any CPU
		{CBEF56D1-7111-45F1-8BFB-653936FB37BF}.Debug|Any CPU.Build.0 = Debug|Any CPU
		{CBEF56D1-7111-45F1-8BFB-653936FB37BF}.Release|Any CPU.ActiveCfg = Release|Any CPU
		{CBEF56D1-7111-45F1-8BFB-653936FB37BF}.Release|Any CPU.Build.0 = Release|Any CPU
	EndGlobalSection
	GlobalSection(SolutionProperties) = preSolution
		HideSolutionNode = FALSE
	EndGlobalSection
	GlobalSection(ExtensibilityGlobals) = postSolution
		SolutionGuid = {BE4EE83B-E0AE-44B2-BC1A-DE7ECF65E579}
	EndGlobalSection
EndGlobal
